
Microsoft Visual Studio Solution File, Format Version 12.00
# Visual Studio Version 17
VisualStudioVersion = 17.7.34031.279
MinimumVisualStudioVersion = 10.0.40219.1
Project("{9A19103F-16F7-4668-BE54-9A1E7A4F7556}") = "SuiviDesWookiees.Web.API", "SuiviDesWookiees.Web.API\SuiviDesWookiees.Web.API.csproj", "{09DF7E09-A62E-448C-B745-C075EE856471}"
EndProject
Project("{9A19103F-16F7-4668-BE54-9A1E7A4F7556}") = "WebApplication1", "WebApplication1\WebApplication1.csproj", "{A9339030-F6E0-4D56-8053-995557258E5F}"
EndProject
Project("{9A19103F-16F7-4668-BE54-9A1E7A4F7556}") = "SuiviDesWookiees.Libs", "SuiviDesWookiees.Libs\SuiviDesWookiees.Libs.csproj", "{672D801E-E7F6-4321-9D61-CC3ACF2F7D0D}"
EndProject
Project("{9A19103F-16F7-4668-BE54-9A1E7A4F7556}") = "SuiviDesWookiees.Libs.Services", "SuiviDesWookiees.Libs.Services\SuiviDesWookiees.Libs.Services.csproj", "{C8DF79D0-EAEB-43DF-89E9-2127A6374634}"
EndProject
Project("{2150E333-8FDC-42A3-9474-1A3956D46DE8}") = "Examples", "Examples", "{C8A75C6F-8D9B-44A8-BA27-BC6463C5B21F}"
EndProject
Project("{9A19103F-16F7-4668-BE54-9A1E7A4F7556}") = "TestMiddleware", "TestMiddleware\TestMiddleware.csproj", "{7D6DB27C-80A7-4E64-8877-F27922D84BF0}"
EndProject
Project("{9A19103F-16F7-4668-BE54-9A1E7A4F7556}") = "DecouverteEndPoints", "DecouverteEndPoints\DecouverteEndPoints.csproj", "{3ED701B3-389E-43A8-ADA3-26618BBD4E2F}"
EndProject
Project("{9A19103F-16F7-4668-BE54-9A1E7A4F7556}") = "DecouverteDesFeatures", "DecouverteDesFeatures\DecouverteDesFeatures.csproj", "{11F914F5-AFE2-47B5-B524-546D48663FE9}"
EndProject
Project("{2150E333-8FDC-42A3-9474-1A3956D46DE8}") = "dotnet 7 et 8", "dotnet 7 et 8", "{2069056D-CB78-434D-8B34-2FE0FB164342}"
EndProject
Project("{2150E333-8FDC-42A3-9474-1A3956D46DE8}") = "dotnet 8", "dotnet 8", "{72902323-42FD-4110-B64C-967F35A49B9B}"
EndProject
Project("{9A19103F-16F7-4668-BE54-9A1E7A4F7556}") = "DiscoverDotnetEight", "DiscoverDotnetEight\DiscoverDotnetEight.csproj", "{E2FB9A12-02CC-47B4-97A2-A309102651F4}"
EndProject
Project("{2150E333-8FDC-42A3-9474-1A3956D46DE8}") = "dotnet 5", "dotnet 5", "{5B39ABC3-01B6-459B-8CFB-D011C246DD42}"
EndProject
Project("{9A19103F-16F7-4668-BE54-9A1E7A4F7556}") = "GenerateClasses", "GenerateClasses\GenerateClasses.csproj", "{0920F3B1-2CAD-40C3-9860-6808107D4EC8}"
EndProject
Project("{9A19103F-16F7-4668-BE54-9A1E7A4F7556}") = "APIAOT", "APIAOT\APIAOT.csproj", "{513285EE-EEBC-4F9D-BAFB-667B7FB99A53}"
EndProject
Project("{2150E333-8FDC-42A3-9474-1A3956D46DE8}") = "maui", "maui", "{0EBEA690-9398-45C5-A062-F784C220F682}"
EndProject
Project("{9A19103F-16F7-4668-BE54-9A1E7A4F7556}") = "TestMaui01", "TestMaui01\TestMaui01.csproj", "{3E948F80-BA4F-4F90-95A7-79512DF230E0}"
EndProject
Project("{9A19103F-16F7-4668-BE54-9A1E7A4F7556}") = "SuiviDesWookiees.UI.Mobile", "SuiviDesWookiees.UI.Mobile\SuiviDesWookiees.UI.Mobile.csproj", "{A65441A0-CBC6-4AA2-A52D-340A43282EFD}"
EndProject
Project("{FAE04EC0-301F-11D3-BF4B-00C04F79EFBC}") = "CustomComponent", "CustomComponent\CustomComponent.csproj", "{80F6220A-96CD-4F1D-B516-FBE330CE1B1C}"
EndProject
Global
	GlobalSection(SolutionConfigurationPlatforms) = preSolution
		Debug|Any CPU = Debug|Any CPU
		Release|Any CPU = Release|Any CPU
	EndGlobalSection
	GlobalSection(ProjectConfigurationPlatforms) = postSolution
		{09DF7E09-A62E-448C-B745-C075EE856471}.Debug|Any CPU.ActiveCfg = Debug|Any CPU
		{09DF7E09-A62E-448C-B745-C075EE856471}.Debug|Any CPU.Build.0 = Debug|Any CPU
		{09DF7E09-A62E-448C-B745-C075EE856471}.Release|Any CPU.ActiveCfg = Release|Any CPU
		{09DF7E09-A62E-448C-B745-C075EE856471}.Release|Any CPU.Build.0 = Release|Any CPU
		{A9339030-F6E0-4D56-8053-995557258E5F}.Debug|Any CPU.ActiveCfg = Debug|Any CPU
		{A9339030-F6E0-4D56-8053-995557258E5F}.Debug|Any CPU.Build.0 = Debug|Any CPU
		{A9339030-F6E0-4D56-8053-995557258E5F}.Release|Any CPU.ActiveCfg = Release|Any CPU
		{A9339030-F6E0-4D56-8053-995557258E5F}.Release|Any CPU.Build.0 = Release|Any CPU
		{672D801E-E7F6-4321-9D61-CC3ACF2F7D0D}.Debug|Any CPU.ActiveCfg = Debug|Any CPU
		{672D801E-E7F6-4321-9D61-CC3ACF2F7D0D}.Debug|Any CPU.Build.0 = Debug|Any CPU
		{672D801E-E7F6-4321-9D61-CC3ACF2F7D0D}.Release|Any CPU.ActiveCfg = Release|Any CPU
		{672D801E-E7F6-4321-9D61-CC3ACF2F7D0D}.Release|Any CPU.Build.0 = Release|Any CPU
		{C8DF79D0-EAEB-43DF-89E9-2127A6374634}.Debug|Any CPU.ActiveCfg = Debug|Any CPU
		{C8DF79D0-EAEB-43DF-89E9-2127A6374634}.Debug|Any CPU.Build.0 = Debug|Any CPU
		{C8DF79D0-EAEB-43DF-89E9-2127A6374634}.Release|Any CPU.ActiveCfg = Release|Any CPU
		{C8DF79D0-EAEB-43DF-89E9-2127A6374634}.Release|Any CPU.Build.0 = Release|Any CPU
		{7D6DB27C-80A7-4E64-8877-F27922D84BF0}.Debug|Any CPU.ActiveCfg = Debug|Any CPU
		{7D6DB27C-80A7-4E64-8877-F27922D84BF0}.Debug|Any CPU.Build.0 = Debug|Any CPU
		{7D6DB27C-80A7-4E64-8877-F27922D84BF0}.Release|Any CPU.ActiveCfg = Release|Any CPU
		{7D6DB27C-80A7-4E64-8877-F27922D84BF0}.Release|Any CPU.Build.0 = Release|Any CPU
		{3ED701B3-389E-43A8-ADA3-26618BBD4E2F}.Debug|Any CPU.ActiveCfg = Debug|Any CPU
		{3ED701B3-389E-43A8-ADA3-26618BBD4E2F}.Debug|Any CPU.Build.0 = Debug|Any CPU
		{3ED701B3-389E-43A8-ADA3-26618BBD4E2F}.Release|Any CPU.ActiveCfg = Release|Any CPU
		{3ED701B3-389E-43A8-ADA3-26618BBD4E2F}.Release|Any CPU.Build.0 = Release|Any CPU
		{11F914F5-AFE2-47B5-B524-546D48663FE9}.Debug|Any CPU.ActiveCfg = Debug|Any CPU
		{11F914F5-AFE2-47B5-B524-546D48663FE9}.Debug|Any CPU.Build.0 = Debug|Any CPU
		{11F914F5-AFE2-47B5-B524-546D48663FE9}.Release|Any CPU.ActiveCfg = Release|Any CPU
		{11F914F5-AFE2-47B5-B524-546D48663FE9}.Release|Any CPU.Build.0 = Release|Any CPU
		{E2FB9A12-02CC-47B4-97A2-A309102651F4}.Debug|Any CPU.ActiveCfg = Debug|Any CPU
		{E2FB9A12-02CC-47B4-97A2-A309102651F4}.Debug|Any CPU.Build.0 = Debug|Any CPU
		{E2FB9A12-02CC-47B4-97A2-A309102651F4}.Release|Any CPU.ActiveCfg = Release|Any CPU
		{E2FB9A12-02CC-47B4-97A2-A309102651F4}.Release|Any CPU.Build.0 = Release|Any CPU
		{0920F3B1-2CAD-40C3-9860-6808107D4EC8}.Debug|Any CPU.ActiveCfg = Debug|Any CPU
		{0920F3B1-2CAD-40C3-9860-6808107D4EC8}.Debug|Any CPU.Build.0 = Debug|Any CPU
		{0920F3B1-2CAD-40C3-9860-6808107D4EC8}.Release|Any CPU.ActiveCfg = Release|Any CPU
		{0920F3B1-2CAD-40C3-9860-6808107D4EC8}.Release|Any CPU.Build.0 = Release|Any CPU
		{513285EE-EEBC-4F9D-BAFB-667B7FB99A53}.Debug|Any CPU.ActiveCfg = Debug|Any CPU
		{513285EE-EEBC-4F9D-BAFB-667B7FB99A53}.Debug|Any CPU.Build.0 = Debug|Any CPU
		{513285EE-EEBC-4F9D-BAFB-667B7FB99A53}.Release|Any CPU.ActiveCfg = Release|Any CPU
		{513285EE-EEBC-4F9D-BAFB-667B7FB99A53}.Release|Any CPU.Build.0 = Release|Any CPU
		{3E948F80-BA4F-4F90-95A7-79512DF230E0}.Debug|Any CPU.ActiveCfg = Debug|Any CPU
		{3E948F80-BA4F-4F90-95A7-79512DF230E0}.Debug|Any CPU.Build.0 = Debug|Any CPU
		{3E948F80-BA4F-4F90-95A7-79512DF230E0}.Debug|Any CPU.Deploy.0 = Debug|Any CPU
		{3E948F80-BA4F-4F90-95A7-79512DF230E0}.Release|Any CPU.ActiveCfg = Release|Any CPU
		{3E948F80-BA4F-4F90-95A7-79512DF230E0}.Release|Any CPU.Build.0 = Release|Any CPU
		{3E948F80-BA4F-4F90-95A7-79512DF230E0}.Release|Any CPU.Deploy.0 = Release|Any CPU
		{A65441A0-CBC6-4AA2-A52D-340A43282EFD}.Debug|Any CPU.ActiveCfg = Debug|Any CPU
		{A65441A0-CBC6-4AA2-A52D-340A43282EFD}.Debug|Any CPU.Build.0 = Debug|Any CPU
		{A65441A0-CBC6-4AA2-A52D-340A43282EFD}.Debug|Any CPU.Deploy.0 = Debug|Any CPU
		{A65441A0-CBC6-4AA2-A52D-340A43282EFD}.Release|Any CPU.ActiveCfg = Release|Any CPU
		{A65441A0-CBC6-4AA2-A52D-340A43282EFD}.Release|Any CPU.Build.0 = Release|Any CPU
		{A65441A0-CBC6-4AA2-A52D-340A43282EFD}.Release|Any CPU.Deploy.0 = Release|Any CPU
		{80F6220A-96CD-4F1D-B516-FBE330CE1B1C}.Debug|Any CPU.ActiveCfg = Debug|Any CPU
		{80F6220A-96CD-4F1D-B516-FBE330CE1B1C}.Debug|Any CPU.Build.0 = Debug|Any CPU
		{80F6220A-96CD-4F1D-B516-FBE330CE1B1C}.Release|Any CPU.ActiveCfg = Release|Any CPU
		{80F6220A-96CD-4F1D-B516-FBE330CE1B1C}.Release|Any CPU.Build.0 = Release|Any CPU
	EndGlobalSection
	GlobalSection(SolutionProperties) = preSolution
		HideSolutionNode = FALSE
	EndGlobalSection
	GlobalSection(NestedProjects) = preSolution
		{7D6DB27C-80A7-4E64-8877-F27922D84BF0} = {C8A75C6F-8D9B-44A8-BA27-BC6463C5B21F}
		{3ED701B3-389E-43A8-ADA3-26618BBD4E2F} = {C8A75C6F-8D9B-44A8-BA27-BC6463C5B21F}
		{11F914F5-AFE2-47B5-B524-546D48663FE9} = {C8A75C6F-8D9B-44A8-BA27-BC6463C5B21F}
		{72902323-42FD-4110-B64C-967F35A49B9B} = {2069056D-CB78-434D-8B34-2FE0FB164342}
		{E2FB9A12-02CC-47B4-97A2-A309102651F4} = {72902323-42FD-4110-B64C-967F35A49B9B}
		{0920F3B1-2CAD-40C3-9860-6808107D4EC8} = {5B39ABC3-01B6-459B-8CFB-D011C246DD42}
		{513285EE-EEBC-4F9D-BAFB-667B7FB99A53} = {72902323-42FD-4110-B64C-967F35A49B9B}
		{3E948F80-BA4F-4F90-95A7-79512DF230E0} = {0EBEA690-9398-45C5-A062-F784C220F682}
		{A65441A0-CBC6-4AA2-A52D-340A43282EFD} = {0EBEA690-9398-45C5-A062-F784C220F682}
		{80F6220A-96CD-4F1D-B516-FBE330CE1B1C} = {0EBEA690-9398-45C5-A062-F784C220F682}
	EndGlobalSection
	GlobalSection(ExtensibilityGlobals) = postSolution
		SolutionGuid = {9094681F-E19C-4AC2-97F3-FDC2BAA120E7}
	EndGlobalSection
EndGlobal
